
Microsoft Visual Studio Solution File, Format Version 12.00
# Visual Studio 15
VisualStudioVersion = 15.0.26430.6
MinimumVisualStudioVersion = 10.0.40219.1
Project("{9A19103F-16F7-4668-BE54-9A1E7A4F7556}") = "MongoCoreNet", "MongoCoreNet\MongoCoreNet.csproj", "{A13227C2-E15D-470A-928E-1B8BF9E90AD5}"
EndProject
Project("{2150E333-8FDC-42A3-9474-1A3956D46DE8}") = "Modules", "Modules", "{EDF56C1F-427A-45A4-BD7B-359CF8E12136}"
EndProject
Project("{9A19103F-16F7-4668-BE54-9A1E7A4F7556}") = "MC.Interfaces", "MC.Interfaces\MC.Interfaces.csproj", "{992FFE09-E145-45C6-AE4A-269E426DF9CF}"
EndProject
Project("{9A19103F-16F7-4668-BE54-9A1E7A4F7556}") = "MC.MongoWorker", "MC.MongoWorker\MC.MongoWorker.csproj", "{C8BBCC7E-B33C-4F07-96EB-D3373E918D6E}"
EndProject
Project("{9A19103F-16F7-4668-BE54-9A1E7A4F7556}") = "MC.Models", "MC.Models\MC.Models.csproj", "{55AF93B9-369E-4134-9FC7-2CA1E5E7AC51}"
EndProject
Project("{2150E333-8FDC-42A3-9474-1A3956D46DE8}") = "Integration", "Integration", "{C5180FB1-0509-4F0A-A856-5BD823CF7CFF}"
EndProject
Project("{9A19103F-16F7-4668-BE54-9A1E7A4F7556}") = "MC.MongoWorker.Test", "MC.MongoWorker.Test\MC.MongoWorker.Test.csproj", "{83EC47BB-D3EA-41F3-B5DA-DF44AFC07167}"
EndProject
Project("{9A19103F-16F7-4668-BE54-9A1E7A4F7556}") = "MC.Encryptor", "MC.Encryptor\MC.Encryptor.csproj", "{ADAD4F18-2571-4C4A-AC32-F685712A3191}"
EndProject
Project("{9A19103F-16F7-4668-BE54-9A1E7A4F7556}") = "MC.JwToken", "MC.JwToken\MC.JwToken.csproj", "{B08E22CC-FB8F-42F9-92D5-8806B9294697}"
EndProject
Project("{9A19103F-16F7-4668-BE54-9A1E7A4F7556}") = "MC.JwToken.Test", "MC.JwToken.Test\MC.JwToken.Test.csproj", "{48D4ED83-7230-426B-AA32-EEE4E974DAAF}"
EndProject
Project("{9A19103F-16F7-4668-BE54-9A1E7A4F7556}") = "MC.Cache", "MC.Cache\MC.Cache.csproj", "{87E0DC57-7F6E-4DE5-B2F0-034203357960}"
EndProject
Project("{FAE04EC0-301F-11D3-BF4B-00C04F79EFBC}") = "MC.Email", "MC.Email\MC.Email.csproj", "{0819B32B-ED71-4C04-AB68-9E0A382F437D}"
EndProject
Global
	GlobalSection(SolutionConfigurationPlatforms) = preSolution
		Debug|Any CPU = Debug|Any CPU
		Release|Any CPU = Release|Any CPU
	EndGlobalSection
	GlobalSection(ProjectConfigurationPlatforms) = postSolution
		{A13227C2-E15D-470A-928E-1B8BF9E90AD5}.Debug|Any CPU.ActiveCfg = Debug|Any CPU
		{A13227C2-E15D-470A-928E-1B8BF9E90AD5}.Debug|Any CPU.Build.0 = Debug|Any CPU
		{A13227C2-E15D-470A-928E-1B8BF9E90AD5}.Release|Any CPU.ActiveCfg = Release|Any CPU
		{A13227C2-E15D-470A-928E-1B8BF9E90AD5}.Release|Any CPU.Build.0 = Release|Any CPU
		{992FFE09-E145-45C6-AE4A-269E426DF9CF}.Debug|Any CPU.ActiveCfg = Debug|Any CPU
		{992FFE09-E145-45C6-AE4A-269E426DF9CF}.Debug|Any CPU.Build.0 = Debug|Any CPU
		{992FFE09-E145-45C6-AE4A-269E426DF9CF}.Release|Any CPU.ActiveCfg = Release|Any CPU
		{992FFE09-E145-45C6-AE4A-269E426DF9CF}.Release|Any CPU.Build.0 = Release|Any CPU
		{C8BBCC7E-B33C-4F07-96EB-D3373E918D6E}.Debug|Any CPU.ActiveCfg = Debug|Any CPU
		{C8BBCC7E-B33C-4F07-96EB-D3373E918D6E}.Debug|Any CPU.Build.0 = Debug|Any CPU
		{C8BBCC7E-B33C-4F07-96EB-D3373E918D6E}.Release|Any CPU.ActiveCfg = Release|Any CPU
		{C8BBCC7E-B33C-4F07-96EB-D3373E918D6E}.Release|Any CPU.Build.0 = Release|Any CPU
		{55AF93B9-369E-4134-9FC7-2CA1E5E7AC51}.Debug|Any CPU.ActiveCfg = Debug|Any CPU
		{55AF93B9-369E-4134-9FC7-2CA1E5E7AC51}.Debug|Any CPU.Build.0 = Debug|Any CPU
		{55AF93B9-369E-4134-9FC7-2CA1E5E7AC51}.Release|Any CPU.ActiveCfg = Release|Any CPU
		{55AF93B9-369E-4134-9FC7-2CA1E5E7AC51}.Release|Any CPU.Build.0 = Release|Any CPU
		{83EC47BB-D3EA-41F3-B5DA-DF44AFC07167}.Debug|Any CPU.ActiveCfg = Debug|Any CPU
		{83EC47BB-D3EA-41F3-B5DA-DF44AFC07167}.Debug|Any CPU.Build.0 = Debug|Any CPU
		{83EC47BB-D3EA-41F3-B5DA-DF44AFC07167}.Release|Any CPU.ActiveCfg = Release|Any CPU
		{83EC47BB-D3EA-41F3-B5DA-DF44AFC07167}.Release|Any CPU.Build.0 = Release|Any CPU
		{ADAD4F18-2571-4C4A-AC32-F685712A3191}.Debug|Any CPU.ActiveCfg = Debug|Any CPU
		{ADAD4F18-2571-4C4A-AC32-F685712A3191}.Debug|Any CPU.Build.0 = Debug|Any CPU
		{ADAD4F18-2571-4C4A-AC32-F685712A3191}.Release|Any CPU.ActiveCfg = Release|Any CPU
		{ADAD4F18-2571-4C4A-AC32-F685712A3191}.Release|Any CPU.Build.0 = Release|Any CPU
		{B08E22CC-FB8F-42F9-92D5-8806B9294697}.Debug|Any CPU.ActiveCfg = Debug|Any CPU
		{B08E22CC-FB8F-42F9-92D5-8806B9294697}.Debug|Any CPU.Build.0 = Debug|Any CPU
		{B08E22CC-FB8F-42F9-92D5-8806B9294697}.Release|Any CPU.ActiveCfg = Release|Any CPU
		{B08E22CC-FB8F-42F9-92D5-8806B9294697}.Release|Any CPU.Build.0 = Release|Any CPU
		{48D4ED83-7230-426B-AA32-EEE4E974DAAF}.Debug|Any CPU.ActiveCfg = Debug|Any CPU
		{48D4ED83-7230-426B-AA32-EEE4E974DAAF}.Debug|Any CPU.Build.0 = Debug|Any CPU
		{48D4ED83-7230-426B-AA32-EEE4E974DAAF}.Release|Any CPU.ActiveCfg = Release|Any CPU
		{48D4ED83-7230-426B-AA32-EEE4E974DAAF}.Release|Any CPU.Build.0 = Release|Any CPU
		{87E0DC57-7F6E-4DE5-B2F0-034203357960}.Debug|Any CPU.ActiveCfg = Debug|Any CPU
		{87E0DC57-7F6E-4DE5-B2F0-034203357960}.Debug|Any CPU.Build.0 = Debug|Any CPU
		{87E0DC57-7F6E-4DE5-B2F0-034203357960}.Release|Any CPU.ActiveCfg = Release|Any CPU
		{87E0DC57-7F6E-4DE5-B2F0-034203357960}.Release|Any CPU.Build.0 = Release|Any CPU
		{0819B32B-ED71-4C04-AB68-9E0A382F437D}.Debug|Any CPU.ActiveCfg = Debug|Any CPU
		{0819B32B-ED71-4C04-AB68-9E0A382F437D}.Debug|Any CPU.Build.0 = Debug|Any CPU
		{0819B32B-ED71-4C04-AB68-9E0A382F437D}.Release|Any CPU.ActiveCfg = Release|Any CPU
		{0819B32B-ED71-4C04-AB68-9E0A382F437D}.Release|Any CPU.Build.0 = Release|Any CPU
	EndGlobalSection
	GlobalSection(SolutionProperties) = preSolution
		HideSolutionNode = FALSE
	EndGlobalSection
	GlobalSection(NestedProjects) = preSolution
		{992FFE09-E145-45C6-AE4A-269E426DF9CF} = {EDF56C1F-427A-45A4-BD7B-359CF8E12136}
		{C8BBCC7E-B33C-4F07-96EB-D3373E918D6E} = {EDF56C1F-427A-45A4-BD7B-359CF8E12136}
		{55AF93B9-369E-4134-9FC7-2CA1E5E7AC51} = {EDF56C1F-427A-45A4-BD7B-359CF8E12136}
		{83EC47BB-D3EA-41F3-B5DA-DF44AFC07167} = {C5180FB1-0509-4F0A-A856-5BD823CF7CFF}
		{ADAD4F18-2571-4C4A-AC32-F685712A3191} = {EDF56C1F-427A-45A4-BD7B-359CF8E12136}
		{B08E22CC-FB8F-42F9-92D5-8806B9294697} = {EDF56C1F-427A-45A4-BD7B-359CF8E12136}
		{48D4ED83-7230-426B-AA32-EEE4E974DAAF} = {C5180FB1-0509-4F0A-A856-5BD823CF7CFF}
		{87E0DC57-7F6E-4DE5-B2F0-034203357960} = {EDF56C1F-427A-45A4-BD7B-359CF8E12136}
		{0819B32B-ED71-4C04-AB68-9E0A382F437D} = {EDF56C1F-427A-45A4-BD7B-359CF8E12136}
	EndGlobalSection
EndGlobal
